
Microsoft Visual Studio Solution File, Format Version 12.00
# Visual Studio Version 17
VisualStudioVersion = 17.14.36623.8 d17.14
MinimumVisualStudioVersion = 10.0.40219.1
Project("{FAE04EC0-301F-11D3-BF4B-00C04F79EFBC}") = "ExamTickets.WPF", "ExamTickets.WPF\ExamTickets.WPF.csproj", "{3C82BDE7-A76C-43F7-949B-02E40E62E910}"
EndProject
Project("{FAE04EC0-301F-11D3-BF4B-00C04F79EFBC}") = "ExamTickets.Core", "ExamTickets.Core\ExamTickets.Core.csproj", "{A782BC16-FB87-40C1-A12E-7BE776330AC4}"
EndProject
Global
	GlobalSection(SolutionConfigurationPlatforms) = preSolution
		Debug|Any CPU = Debug|Any CPU
		Release|Any CPU = Release|Any CPU
	EndGlobalSection
	GlobalSection(ProjectConfigurationPlatforms) = postSolution
		{3C82BDE7-A76C-43F7-949B-02E40E62E910}.Debug|Any CPU.ActiveCfg = Debug|Any CPU
		{3C82BDE7-A76C-43F7-949B-02E40E62E910}.Debug|Any CPU.Build.0 = Debug|Any CPU
		{3C82BDE7-A76C-43F7-949B-02E40E62E910}.Release|Any CPU.ActiveCfg = Release|Any CPU
		{3C82BDE7-A76C-43F7-949B-02E40E62E910}.Release|Any CPU.Build.0 = Release|Any CPU
		{A782BC16-FB87-40C1-A12E-7BE776330AC4}.Debug|Any CPU.ActiveCfg = Debug|Any CPU
		{A782BC16-FB87-40C1-A12E-7BE776330AC4}.Debug|Any CPU.Build.0 = Debug|Any CPU
		{A782BC16-FB87-40C1-A12E-7BE776330AC4}.Release|Any CPU.ActiveCfg = Release|Any CPU
		{A782BC16-FB87-40C1-A12E-7BE776330AC4}.Release|Any CPU.Build.0 = Release|Any CPU
	EndGlobalSection
	GlobalSection(SolutionProperties) = preSolution
		HideSolutionNode = FALSE
	EndGlobalSection
	GlobalSection(ExtensibilityGlobals) = postSolution
		SolutionGuid = {FAF6B0E1-2E1A-4A27-A7D1-B195F63DB781}
	EndGlobalSection
EndGlobal
